
Microsoft Visual Studio Solution File, Format Version 12.00
# Visual Studio Version 16
VisualStudioVersion = 16.0.29519.87
MinimumVisualStudioVersion = 10.0.40219.1
Project("{FAE04EC0-301F-11D3-BF4B-00C04F79EFBC}") = "NeuroRize", "NeuroRize.csproj", "{4BB23363-01DF-4AF9-9E25-A5F420F19CB4}"
EndProject
Project("{FAE04EC0-301F-11D3-BF4B-00C04F79EFBC}") = "NeuroRize.CORE", "..\NeuroRize.CORE\NeuroRize.CORE.csproj", "{5DE1B5AA-B98F-48F7-BC06-2174CF07B088}"
EndProject
Global
	GlobalSection(SolutionConfigurationPlatforms) = preSolution
		Debug|Any CPU = Debug|Any CPU
		Release|Any CPU = Release|Any CPU
	EndGlobalSection
	GlobalSection(ProjectConfigurationPlatforms) = postSolution
		{4BB23363-01DF-4AF9-9E25-A5F420F19CB4}.Debug|Any CPU.ActiveCfg = Debug|Any CPU
		{4BB23363-01DF-4AF9-9E25-A5F420F19CB4}.Debug|Any CPU.Build.0 = Debug|Any CPU
		{4BB23363-01DF-4AF9-9E25-A5F420F19CB4}.Release|Any CPU.ActiveCfg = Release|Any CPU
		{4BB23363-01DF-4AF9-9E25-A5F420F19CB4}.Release|Any CPU.Build.0 = Release|Any CPU
		{5DE1B5AA-B98F-48F7-BC06-2174CF07B088}.Debug|Any CPU.ActiveCfg = Debug|Any CPU
		{5DE1B5AA-B98F-48F7-BC06-2174CF07B088}.Debug|Any CPU.Build.0 = Debug|Any CPU
		{5DE1B5AA-B98F-48F7-BC06-2174CF07B088}.Release|Any CPU.ActiveCfg = Release|Any CPU
		{5DE1B5AA-B98F-48F7-BC06-2174CF07B088}.Release|Any CPU.Build.0 = Release|Any CPU
	EndGlobalSection
	GlobalSection(SolutionProperties) = preSolution
		HideSolutionNode = FALSE
	EndGlobalSection
	GlobalSection(ExtensibilityGlobals) = postSolution
		SolutionGuid = {C09CE0A8-729C-49F9-B3C4-005725424A03}
	EndGlobalSection
EndGlobal
